
Microsoft Visual Studio Solution File, Format Version 12.00
# Visual Studio Version 16
VisualStudioVersion = 16.0.34031.81
MinimumVisualStudioVersion = 10.0.40219.1
Project("{2150E333-8FDC-42A3-9474-1A3956D46DE8}") = "Task0", "Task0", "{C991ED1C-AFCF-482D-A34F-FFF8F47E4D88}"
EndProject
Project("{FAE04EC0-301F-11D3-BF4B-00C04F79EFBC}") = "Tyuiu.VoroshilovNA.Sprint3.Task0.V30", "Tyuiu.VoroshilovNA.Sprint3.Task0.V30\Tyuiu.VoroshilovNA.Sprint3.Task0.V30.csproj", "{4DCCCEA1-DDD9-4218-9406-262ECE2DD4FD}"
EndProject
Project("{FAE04EC0-301F-11D3-BF4B-00C04F79EFBC}") = "Tyuiu.VoroshilovNA.Sprint3.Task0.V30.Lib", "Tyuiu.VoroshilovNA.Sprint3.Task0.V30.Lib\Tyuiu.VoroshilovNA.Sprint3.Task0.V30.Lib.csproj", "{04F63E26-D867-46D0-9743-7BF4060F2B40}"
EndProject
Project("{FAE04EC0-301F-11D3-BF4B-00C04F79EFBC}") = "Tyuiu.VoroshilovNA.Sprint3.Task0.V30.Test", "Tyuiu.VoroshilovNA.Sprint3.Task0.V30.Test\Tyuiu.VoroshilovNA.Sprint3.Task0.V30.Test.csproj", "{1884DD5D-BF94-478E-A9DD-A98C5A079D63}"
EndProject
Project("{2150E333-8FDC-42A3-9474-1A3956D46DE8}") = "Task1", "Task1", "{E1B59323-3A9D-4697-9D93-78C61CE801D9}"
EndProject
Project("{FAE04EC0-301F-11D3-BF4B-00C04F79EFBC}") = "Tyuiu.VoroshilovNA.Sprint3.Task1.V28", "Tyuiu.VoroshilovNA.Sprint3.Task1.V28\Tyuiu.VoroshilovNA.Sprint3.Task1.V28.csproj", "{9AD2796A-21D1-490E-8AC2-CCD029EEFF6F}"
EndProject
Project("{FAE04EC0-301F-11D3-BF4B-00C04F79EFBC}") = "Tyuiu.VoroshilovNA.Sprint3.Task1.V28.Lib", "Tyuiu.VoroshilovNA.Sprint3.Task1.V28.Lib\Tyuiu.VoroshilovNA.Sprint3.Task1.V28.Lib.csproj", "{273D710C-1065-4CB2-9664-4F144006D66D}"
EndProject
Project("{FAE04EC0-301F-11D3-BF4B-00C04F79EFBC}") = "Tyuiu.VoroshilovNA.Sprint3.Task1.V28.Test", "Tyuiu.VoroshilovNA.Sprint3.Task1.V28.Test\Tyuiu.VoroshilovNA.Sprint3.Task1.V28.Test.csproj", "{677472FD-1E6D-4B38-BF97-137F289F08E7}"
EndProject
Project("{2150E333-8FDC-42A3-9474-1A3956D46DE8}") = "Task2", "Task2", "{5F45A40D-45E3-4527-8021-75B9634F1D56}"
EndProject
Project("{FAE04EC0-301F-11D3-BF4B-00C04F79EFBC}") = "Tyuiu.VoroshilovNA.Sprint3.Task2.V25", "Tyuiu.VoroshilovNA.Sprint3.Task2.V25\Tyuiu.VoroshilovNA.Sprint3.Task2.V25.csproj", "{8EFB4155-2FB8-4115-9865-A06B3E05CD7E}"
EndProject
Project("{FAE04EC0-301F-11D3-BF4B-00C04F79EFBC}") = "yuiu.VoroshilovNA.Sprint3.Task2.V25.Lib", "yuiu.VoroshilovNA.Sprint3.Task2.V25.Lib\yuiu.VoroshilovNA.Sprint3.Task2.V25.Lib.csproj", "{4D3BE1C7-35C7-4652-9610-649BA11F3D8B}"
EndProject
Project("{FAE04EC0-301F-11D3-BF4B-00C04F79EFBC}") = "yuiu.VoroshilovNA.Sprint3.Task2.V25.Test", "yuiu.VoroshilovNA.Sprint3.Task2.V25.Test\yuiu.VoroshilovNA.Sprint3.Task2.V25.Test.csproj", "{71B24243-D8BC-4349-857C-7DD2E3896E3F}"
EndProject
Project("{2150E333-8FDC-42A3-9474-1A3956D46DE8}") = "Task3", "Task3", "{371309D1-87E9-4E93-8F39-06BD64009E2E}"
EndProject
Project("{2150E333-8FDC-42A3-9474-1A3956D46DE8}") = "Task4", "Task4", "{D403288C-EF7B-4E78-AD4F-B1D2E10398DB}"
EndProject
Project("{FAE04EC0-301F-11D3-BF4B-00C04F79EFBC}") = "Tyuiu.VoroshilovNA.Sprint3.Task3.V15", "Tyuiu.VoroshilovNA.Sprint3.Task3.V1\Tyuiu.VoroshilovNA.Sprint3.Task3.V15.csproj", "{63D4BE4B-B73D-4741-A4D4-B77ECD30EB9C}"
EndProject
Project("{FAE04EC0-301F-11D3-BF4B-00C04F79EFBC}") = "Tyuiu.VoroshilovNA.Sprint3.Task3.V15.Lib", "Tyuiu.VoroshilovNA.Sprint3.Task3.V1.Lib\Tyuiu.VoroshilovNA.Sprint3.Task3.V15.Lib.csproj", "{A5D3F182-15EA-488E-AB4B-AA4F853C6B5C}"
EndProject
Project("{FAE04EC0-301F-11D3-BF4B-00C04F79EFBC}") = "Tyuiu.VoroshilovNA.Sprint3.Task3.V15.Test", "Tyuiu.VoroshilovNA.Sprint3.Task3.V1.Test\Tyuiu.VoroshilovNA.Sprint3.Task3.V15.Test.csproj", "{7F81D21B-006E-41A4-BCE7-212F76854DDF}"
EndProject
Project("{FAE04EC0-301F-11D3-BF4B-00C04F79EFBC}") = "Tyuiu.VoroshilovNA.Sprint3.Task4.V7", "Tyuiu.VoroshilovNA.Sprint3.Task4.V7\Tyuiu.VoroshilovNA.Sprint3.Task4.V7.csproj", "{DB0533E8-DFB6-41B0-89F4-BB35ABBD3D67}"
EndProject
Project("{FAE04EC0-301F-11D3-BF4B-00C04F79EFBC}") = "Tyuiu.VoroshilovNA.Sprint3.Task4.V7.Lib", "Tyuiu.VoroshilovNA.Sprint3.Task4.V7.Lib\Tyuiu.VoroshilovNA.Sprint3.Task4.V7.Lib.csproj", "{307E5A32-C272-45DF-8CB5-ADA25387E473}"
EndProject
Project("{FAE04EC0-301F-11D3-BF4B-00C04F79EFBC}") = "Tyuiu.VoroshilovNA.Sprint3.Task4.V7.Test", "Tyuiu.VoroshilovNA.Sprint3.Task4.V7.Test\Tyuiu.VoroshilovNA.Sprint3.Task4.V7.Test.csproj", "{E43ECD69-889E-4401-A4DD-A5BFAF82FA0F}"
EndProject
Project("{2150E333-8FDC-42A3-9474-1A3956D46DE8}") = "Task5", "Task5", "{B187F027-CAB2-416A-84A8-1EC5480579CD}"
EndProject
Project("{FAE04EC0-301F-11D3-BF4B-00C04F79EFBC}") = "Tyuiu.VoroshilovNA.Sprint3.Task5.V25", "Tyuiu.VoroshilovNA.Sprint3.Task5.V25\Tyuiu.VoroshilovNA.Sprint3.Task5.V25.csproj", "{31340DDB-451C-4118-99FB-595D60228365}"
EndProject
Project("{FAE04EC0-301F-11D3-BF4B-00C04F79EFBC}") = "Tyuiu.VoroshilovNA.Sprint3.Task5.V25.Lib", "Tyuiu.VoroshilovNA.Sprint3.Task5.V25.Lib\Tyuiu.VoroshilovNA.Sprint3.Task5.V25.Lib.csproj", "{8DA2F592-F306-4127-B47B-299D56E43B66}"
EndProject
Project("{FAE04EC0-301F-11D3-BF4B-00C04F79EFBC}") = "Tyuiu.VoroshilovNA.Sprint3.Task5.V25.Test", "Tyuiu.VoroshilovNA.Sprint3.Task5.V25.Test\Tyuiu.VoroshilovNA.Sprint3.Task5.V25.Test.csproj", "{01E73073-CDD9-4598-8374-B9BFBA4FCBCF}"
EndProject
Project("{2150E333-8FDC-42A3-9474-1A3956D46DE8}") = "Task6", "Task6", "{94D429A1-9F75-42EA-8B72-C2099986DADA}"
EndProject
Project("{FAE04EC0-301F-11D3-BF4B-00C04F79EFBC}") = "Tyuiu.VoroshilovNA.Sprint3.Task6.V28", "Tyuiu.VoroshilovNA.Sprint3.Task6.V28\Tyuiu.VoroshilovNA.Sprint3.Task6.V28.csproj", "{726ED16D-F16F-4BAC-9CF4-84769EDD8868}"
EndProject
Project("{FAE04EC0-301F-11D3-BF4B-00C04F79EFBC}") = "Tyuiu.VoroshilovNA.Sprint3.Task6.V28.Lib", "Tyuiu.VoroshilovNA.Sprint3.Task6.V28.Lib\Tyuiu.VoroshilovNA.Sprint3.Task6.V28.Lib.csproj", "{A08ACCDA-65B1-482F-8CBC-BA591574EA85}"
EndProject
Project("{FAE04EC0-301F-11D3-BF4B-00C04F79EFBC}") = "Tyuiu.VoroshilovNA.Sprint3.Task6.V28.Test", "Tyuiu.VoroshilovNA.Sprint3.Task6.V28.Test\Tyuiu.VoroshilovNA.Sprint3.Task6.V28.Test.csproj", "{35E1C28D-815A-4F22-ABDA-7B71435C7345}"
EndProject
Project("{2150E333-8FDC-42A3-9474-1A3956D46DE8}") = "Task7", "Task7", "{FB35193D-6F6F-4918-88B6-6C8B5DDA77AF}"
EndProject
Project("{FAE04EC0-301F-11D3-BF4B-00C04F79EFBC}") = "Tyuiu.VoroshilovNA.Sprint3.Task7.V28", "Tyuiu.VoroshilovNA.Sprint3.Task7.V28\Tyuiu.VoroshilovNA.Sprint3.Task7.V28.csproj", "{FC595355-B36A-4072-9744-E4459BCB777B}"
EndProject
Project("{FAE04EC0-301F-11D3-BF4B-00C04F79EFBC}") = "Tyuiu.VoroshilovNA.Sprint3.Task7.V28.Lib", "Tyuiu.VoroshilovNA.Sprint3.Task7.V28.Lib\Tyuiu.VoroshilovNA.Sprint3.Task7.V28.Lib.csproj", "{AF1DEEC1-D0DC-46F0-944B-7E99A9DE39A3}"
EndProject
Project("{FAE04EC0-301F-11D3-BF4B-00C04F79EFBC}") = "Tyuiu.VoroshilovNA.Sprint3.Task7.V28.Test", "Tyuiu.VoroshilovNA.Sprint3.Task7.V28.Test\Tyuiu.VoroshilovNA.Sprint3.Task7.V28.Test.csproj", "{9D05BFDF-E9BE-495F-B669-7317343DC88C}"
EndProject
Global
	GlobalSection(SolutionConfigurationPlatforms) = preSolution
		Debug|Any CPU = Debug|Any CPU
		Release|Any CPU = Release|Any CPU
	EndGlobalSection
	GlobalSection(ProjectConfigurationPlatforms) = postSolution
		{4DCCCEA1-DDD9-4218-9406-262ECE2DD4FD}.Debug|Any CPU.ActiveCfg = Debug|Any CPU
		{4DCCCEA1-DDD9-4218-9406-262ECE2DD4FD}.Debug|Any CPU.Build.0 = Debug|Any CPU
		{4DCCCEA1-DDD9-4218-9406-262ECE2DD4FD}.Release|Any CPU.ActiveCfg = Release|Any CPU
		{4DCCCEA1-DDD9-4218-9406-262ECE2DD4FD}.Release|Any CPU.Build.0 = Release|Any CPU
		{04F63E26-D867-46D0-9743-7BF4060F2B40}.Debug|Any CPU.ActiveCfg = Debug|Any CPU
		{04F63E26-D867-46D0-9743-7BF4060F2B40}.Debug|Any CPU.Build.0 = Debug|Any CPU
		{04F63E26-D867-46D0-9743-7BF4060F2B40}.Release|Any CPU.ActiveCfg = Release|Any CPU
		{04F63E26-D867-46D0-9743-7BF4060F2B40}.Release|Any CPU.Build.0 = Release|Any CPU
		{1884DD5D-BF94-478E-A9DD-A98C5A079D63}.Debug|Any CPU.ActiveCfg = Debug|Any CPU
		{1884DD5D-BF94-478E-A9DD-A98C5A079D63}.Debug|Any CPU.Build.0 = Debug|Any CPU
		{1884DD5D-BF94-478E-A9DD-A98C5A079D63}.Release|Any CPU.ActiveCfg = Release|Any CPU
		{1884DD5D-BF94-478E-A9DD-A98C5A079D63}.Release|Any CPU.Build.0 = Release|Any CPU
		{9AD2796A-21D1-490E-8AC2-CCD029EEFF6F}.Debug|Any CPU.ActiveCfg = Debug|Any CPU
		{9AD2796A-21D1-490E-8AC2-CCD029EEFF6F}.Debug|Any CPU.Build.0 = Debug|Any CPU
		{9AD2796A-21D1-490E-8AC2-CCD029EEFF6F}.Release|Any CPU.ActiveCfg = Release|Any CPU
		{9AD2796A-21D1-490E-8AC2-CCD029EEFF6F}.Release|Any CPU.Build.0 = Release|Any CPU
		{273D710C-1065-4CB2-9664-4F144006D66D}.Debug|Any CPU.ActiveCfg = Debug|Any CPU
		{273D710C-1065-4CB2-9664-4F144006D66D}.Debug|Any CPU.Build.0 = Debug|Any CPU
		{273D710C-1065-4CB2-9664-4F144006D66D}.Release|Any CPU.ActiveCfg = Release|Any CPU
		{273D710C-1065-4CB2-9664-4F144006D66D}.Release|Any CPU.Build.0 = Release|Any CPU
		{677472FD-1E6D-4B38-BF97-137F289F08E7}.Debug|Any CPU.ActiveCfg = Debug|Any CPU
		{677472FD-1E6D-4B38-BF97-137F289F08E7}.Debug|Any CPU.Build.0 = Debug|Any CPU
		{677472FD-1E6D-4B38-BF97-137F289F08E7}.Release|Any CPU.ActiveCfg = Release|Any CPU
		{677472FD-1E6D-4B38-BF97-137F289F08E7}.Release|Any CPU.Build.0 = Release|Any CPU
		{8EFB4155-2FB8-4115-9865-A06B3E05CD7E}.Debug|Any CPU.ActiveCfg = Debug|Any CPU
		{8EFB4155-2FB8-4115-9865-A06B3E05CD7E}.Debug|Any CPU.Build.0 = Debug|Any CPU
		{8EFB4155-2FB8-4115-9865-A06B3E05CD7E}.Release|Any CPU.ActiveCfg = Release|Any CPU
		{8EFB4155-2FB8-4115-9865-A06B3E05CD7E}.Release|Any CPU.Build.0 = Release|Any CPU
		{4D3BE1C7-35C7-4652-9610-649BA11F3D8B}.Debug|Any CPU.ActiveCfg = Debug|Any CPU
		{4D3BE1C7-35C7-4652-9610-649BA11F3D8B}.Debug|Any CPU.Build.0 = Debug|Any CPU
		{4D3BE1C7-35C7-4652-9610-649BA11F3D8B}.Release|Any CPU.ActiveCfg = Release|Any CPU
		{4D3BE1C7-35C7-4652-9610-649BA11F3D8B}.Release|Any CPU.Build.0 = Release|Any CPU
		{71B24243-D8BC-4349-857C-7DD2E3896E3F}.Debug|Any CPU.ActiveCfg = Debug|Any CPU
		{71B24243-D8BC-4349-857C-7DD2E3896E3F}.Debug|Any CPU.Build.0 = Debug|Any CPU
		{71B24243-D8BC-4349-857C-7DD2E3896E3F}.Release|Any CPU.ActiveCfg = Release|Any CPU
		{71B24243-D8BC-4349-857C-7DD2E3896E3F}.Release|Any CPU.Build.0 = Release|Any CPU
		{63D4BE4B-B73D-4741-A4D4-B77ECD30EB9C}.Debug|Any CPU.ActiveCfg = Debug|Any CPU
		{63D4BE4B-B73D-4741-A4D4-B77ECD30EB9C}.Debug|Any CPU.Build.0 = Debug|Any CPU
		{63D4BE4B-B73D-4741-A4D4-B77ECD30EB9C}.Release|Any CPU.ActiveCfg = Release|Any CPU
		{63D4BE4B-B73D-4741-A4D4-B77ECD30EB9C}.Release|Any CPU.Build.0 = Release|Any CPU
		{A5D3F182-15EA-488E-AB4B-AA4F853C6B5C}.Debug|Any CPU.ActiveCfg = Debug|Any CPU
		{A5D3F182-15EA-488E-AB4B-AA4F853C6B5C}.Debug|Any CPU.Build.0 = Debug|Any CPU
		{A5D3F182-15EA-488E-AB4B-AA4F853C6B5C}.Release|Any CPU.ActiveCfg = Release|Any CPU
		{A5D3F182-15EA-488E-AB4B-AA4F853C6B5C}.Release|Any CPU.Build.0 = Release|Any CPU
		{7F81D21B-006E-41A4-BCE7-212F76854DDF}.Debug|Any CPU.ActiveCfg = Debug|Any CPU
		{7F81D21B-006E-41A4-BCE7-212F76854DDF}.Debug|Any CPU.Build.0 = Debug|Any CPU
		{7F81D21B-006E-41A4-BCE7-212F76854DDF}.Release|Any CPU.ActiveCfg = Release|Any CPU
		{7F81D21B-006E-41A4-BCE7-212F76854DDF}.Release|Any CPU.Build.0 = Release|Any CPU
		{DB0533E8-DFB6-41B0-89F4-BB35ABBD3D67}.Debug|Any CPU.ActiveCfg = Debug|Any CPU
		{DB0533E8-DFB6-41B0-89F4-BB35ABBD3D67}.Debug|Any CPU.Build.0 = Debug|Any CPU
		{DB0533E8-DFB6-41B0-89F4-BB35ABBD3D67}.Release|Any CPU.ActiveCfg = Release|Any CPU
		{DB0533E8-DFB6-41B0-89F4-BB35ABBD3D67}.Release|Any CPU.Build.0 = Release|Any CPU
		{307E5A32-C272-45DF-8CB5-ADA25387E473}.Debug|Any CPU.ActiveCfg = Debug|Any CPU
		{307E5A32-C272-45DF-8CB5-ADA25387E473}.Debug|Any CPU.Build.0 = Debug|Any CPU
		{307E5A32-C272-45DF-8CB5-ADA25387E473}.Release|Any CPU.ActiveCfg = Release|Any CPU
		{307E5A32-C272-45DF-8CB5-ADA25387E473}.Release|Any CPU.Build.0 = Release|Any CPU
		{E43ECD69-889E-4401-A4DD-A5BFAF82FA0F}.Debug|Any CPU.ActiveCfg = Debug|Any CPU
		{E43ECD69-889E-4401-A4DD-A5BFAF82FA0F}.Debug|Any CPU.Build.0 = Debug|Any CPU
		{E43ECD69-889E-4401-A4DD-A5BFAF82FA0F}.Release|Any CPU.ActiveCfg = Release|Any CPU
		{E43ECD69-889E-4401-A4DD-A5BFAF82FA0F}.Release|Any CPU.Build.0 = Release|Any CPU
		{31340DDB-451C-4118-99FB-595D60228365}.Debug|Any CPU.ActiveCfg = Debug|Any CPU
		{31340DDB-451C-4118-99FB-595D60228365}.Debug|Any CPU.Build.0 = Debug|Any CPU
		{31340DDB-451C-4118-99FB-595D60228365}.Release|Any CPU.ActiveCfg = Release|Any CPU
		{31340DDB-451C-4118-99FB-595D60228365}.Release|Any CPU.Build.0 = Release|Any CPU
		{8DA2F592-F306-4127-B47B-299D56E43B66}.Debug|Any CPU.ActiveCfg = Debug|Any CPU
		{8DA2F592-F306-4127-B47B-299D56E43B66}.Debug|Any CPU.Build.0 = Debug|Any CPU
		{8DA2F592-F306-4127-B47B-299D56E43B66}.Release|Any CPU.ActiveCfg = Release|Any CPU
		{8DA2F592-F306-4127-B47B-299D56E43B66}.Release|Any CPU.Build.0 = Release|Any CPU
		{01E73073-CDD9-4598-8374-B9BFBA4FCBCF}.Debug|Any CPU.ActiveCfg = Debug|Any CPU
		{01E73073-CDD9-4598-8374-B9BFBA4FCBCF}.Debug|Any CPU.Build.0 = Debug|Any CPU
		{01E73073-CDD9-4598-8374-B9BFBA4FCBCF}.Release|Any CPU.ActiveCfg = Release|Any CPU
		{01E73073-CDD9-4598-8374-B9BFBA4FCBCF}.Release|Any CPU.Build.0 = Release|Any CPU
		{726ED16D-F16F-4BAC-9CF4-84769EDD8868}.Debug|Any CPU.ActiveCfg = Debug|Any CPU
		{726ED16D-F16F-4BAC-9CF4-84769EDD8868}.Debug|Any CPU.Build.0 = Debug|Any CPU
		{726ED16D-F16F-4BAC-9CF4-84769EDD8868}.Release|Any CPU.ActiveCfg = Release|Any CPU
		{726ED16D-F16F-4BAC-9CF4-84769EDD8868}.Release|Any CPU.Build.0 = Release|Any CPU
		{A08ACCDA-65B1-482F-8CBC-BA591574EA85}.Debug|Any CPU.ActiveCfg = Debug|Any CPU
		{A08ACCDA-65B1-482F-8CBC-BA591574EA85}.Debug|Any CPU.Build.0 = Debug|Any CPU
		{A08ACCDA-65B1-482F-8CBC-BA591574EA85}.Release|Any CPU.ActiveCfg = Release|Any CPU
		{A08ACCDA-65B1-482F-8CBC-BA591574EA85}.Release|Any CPU.Build.0 = Release|Any CPU
		{35E1C28D-815A-4F22-ABDA-7B71435C7345}.Debug|Any CPU.ActiveCfg = Debug|Any CPU
		{35E1C28D-815A-4F22-ABDA-7B71435C7345}.Debug|Any CPU.Build.0 = Debug|Any CPU
		{35E1C28D-815A-4F22-ABDA-7B71435C7345}.Release|Any CPU.ActiveCfg = Release|Any CPU
		{35E1C28D-815A-4F22-ABDA-7B71435C7345}.Release|Any CPU.Build.0 = Release|Any CPU
		{FC595355-B36A-4072-9744-E4459BCB777B}.Debug|Any CPU.ActiveCfg = Debug|Any CPU
		{FC595355-B36A-4072-9744-E4459BCB777B}.Debug|Any CPU.Build.0 = Debug|Any CPU
		{FC595355-B36A-4072-9744-E4459BCB777B}.Release|Any CPU.ActiveCfg = Release|Any CPU
		{FC595355-B36A-4072-9744-E4459BCB777B}.Release|Any CPU.Build.0 = Release|Any CPU
		{AF1DEEC1-D0DC-46F0-944B-7E99A9DE39A3}.Debug|Any CPU.ActiveCfg = Debug|Any CPU
		{AF1DEEC1-D0DC-46F0-944B-7E99A9DE39A3}.Debug|Any CPU.Build.0 = Debug|Any CPU
		{AF1DEEC1-D0DC-46F0-944B-7E99A9DE39A3}.Release|Any CPU.ActiveCfg = Release|Any CPU
		{AF1DEEC1-D0DC-46F0-944B-7E99A9DE39A3}.Release|Any CPU.Build.0 = Release|Any CPU
		{9D05BFDF-E9BE-495F-B669-7317343DC88C}.Debug|Any CPU.ActiveCfg = Debug|Any CPU
		{9D05BFDF-E9BE-495F-B669-7317343DC88C}.Debug|Any CPU.Build.0 = Debug|Any CPU
		{9D05BFDF-E9BE-495F-B669-7317343DC88C}.Release|Any CPU.ActiveCfg = Release|Any CPU
		{9D05BFDF-E9BE-495F-B669-7317343DC88C}.Release|Any CPU.Build.0 = Release|Any CPU
	EndGlobalSection
	GlobalSection(SolutionProperties) = preSolution
		HideSolutionNode = FALSE
	EndGlobalSection
	GlobalSection(NestedProjects) = preSolution
		{4DCCCEA1-DDD9-4218-9406-262ECE2DD4FD} = {C991ED1C-AFCF-482D-A34F-FFF8F47E4D88}
		{04F63E26-D867-46D0-9743-7BF4060F2B40} = {C991ED1C-AFCF-482D-A34F-FFF8F47E4D88}
		{1884DD5D-BF94-478E-A9DD-A98C5A079D63} = {C991ED1C-AFCF-482D-A34F-FFF8F47E4D88}
		{9AD2796A-21D1-490E-8AC2-CCD029EEFF6F} = {E1B59323-3A9D-4697-9D93-78C61CE801D9}
		{273D710C-1065-4CB2-9664-4F144006D66D} = {E1B59323-3A9D-4697-9D93-78C61CE801D9}
		{677472FD-1E6D-4B38-BF97-137F289F08E7} = {E1B59323-3A9D-4697-9D93-78C61CE801D9}
		{8EFB4155-2FB8-4115-9865-A06B3E05CD7E} = {5F45A40D-45E3-4527-8021-75B9634F1D56}
		{4D3BE1C7-35C7-4652-9610-649BA11F3D8B} = {5F45A40D-45E3-4527-8021-75B9634F1D56}
		{71B24243-D8BC-4349-857C-7DD2E3896E3F} = {5F45A40D-45E3-4527-8021-75B9634F1D56}
		{63D4BE4B-B73D-4741-A4D4-B77ECD30EB9C} = {371309D1-87E9-4E93-8F39-06BD64009E2E}
		{A5D3F182-15EA-488E-AB4B-AA4F853C6B5C} = {371309D1-87E9-4E93-8F39-06BD64009E2E}
		{7F81D21B-006E-41A4-BCE7-212F76854DDF} = {371309D1-87E9-4E93-8F39-06BD64009E2E}
		{DB0533E8-DFB6-41B0-89F4-BB35ABBD3D67} = {D403288C-EF7B-4E78-AD4F-B1D2E10398DB}
		{307E5A32-C272-45DF-8CB5-ADA25387E473} = {D403288C-EF7B-4E78-AD4F-B1D2E10398DB}
		{E43ECD69-889E-4401-A4DD-A5BFAF82FA0F} = {D403288C-EF7B-4E78-AD4F-B1D2E10398DB}
		{31340DDB-451C-4118-99FB-595D60228365} = {B187F027-CAB2-416A-84A8-1EC5480579CD}
		{8DA2F592-F306-4127-B47B-299D56E43B66} = {B187F027-CAB2-416A-84A8-1EC5480579CD}
		{01E73073-CDD9-4598-8374-B9BFBA4FCBCF} = {B187F027-CAB2-416A-84A8-1EC5480579CD}
		{726ED16D-F16F-4BAC-9CF4-84769EDD8868} = {94D429A1-9F75-42EA-8B72-C2099986DADA}
		{A08ACCDA-65B1-482F-8CBC-BA591574EA85} = {94D429A1-9F75-42EA-8B72-C2099986DADA}
		{35E1C28D-815A-4F22-ABDA-7B71435C7345} = {94D429A1-9F75-42EA-8B72-C2099986DADA}
		{FC595355-B36A-4072-9744-E4459BCB777B} = {FB35193D-6F6F-4918-88B6-6C8B5DDA77AF}
		{AF1DEEC1-D0DC-46F0-944B-7E99A9DE39A3} = {FB35193D-6F6F-4918-88B6-6C8B5DDA77AF}
		{9D05BFDF-E9BE-495F-B669-7317343DC88C} = {FB35193D-6F6F-4918-88B6-6C8B5DDA77AF}
	EndGlobalSection
	GlobalSection(ExtensibilityGlobals) = postSolution
		SolutionGuid = {B92B1BAA-AF8B-4B39-8192-F7278CCF0F90}
	EndGlobalSection
EndGlobal
